
Microsoft Visual Studio Solution File, Format Version 12.00
# Visual Studio 14
VisualStudioVersion = 14.0.23107.0
MinimumVisualStudioVersion = 10.0.40219.1
Project("{FAE04EC0-301F-11D3-BF4B-00C04F79EFBC}") = "Paathshaala_SPA", "Paathshaala_SPA\Paathshaala_SPA.csproj", "{235EFA8B-CFFA-40C8-B39C-5AA07C9249F4}"
EndProject
Project("{FAE04EC0-301F-11D3-BF4B-00C04F79EFBC}") = "Paathshaala_SPA.Tests", "Paathshaala_SPA.Tests\Paathshaala_SPA.Tests.csproj", "{5170155B-0F2F-47A0-8E50-2B892ED151BA}"
EndProject
Project("{FAE04EC0-301F-11D3-BF4B-00C04F79EFBC}") = "Utilities", "Utilities\Utilities.csproj", "{9F88B68B-C9DF-4581-84CB-4DEFC6E93261}"
EndProject
Global
	GlobalSection(SolutionConfigurationPlatforms) = preSolution
		Debug|Any CPU = Debug|Any CPU
		Release|Any CPU = Release|Any CPU
	EndGlobalSection
	GlobalSection(ProjectConfigurationPlatforms) = postSolution
		{235EFA8B-CFFA-40C8-B39C-5AA07C9249F4}.Debug|Any CPU.ActiveCfg = Debug|Any CPU
		{235EFA8B-CFFA-40C8-B39C-5AA07C9249F4}.Debug|Any CPU.Build.0 = Debug|Any CPU
		{235EFA8B-CFFA-40C8-B39C-5AA07C9249F4}.Release|Any CPU.ActiveCfg = Release|Any CPU
		{235EFA8B-CFFA-40C8-B39C-5AA07C9249F4}.Release|Any CPU.Build.0 = Release|Any CPU
		{5170155B-0F2F-47A0-8E50-2B892ED151BA}.Debug|Any CPU.ActiveCfg = Debug|Any CPU
		{5170155B-0F2F-47A0-8E50-2B892ED151BA}.Debug|Any CPU.Build.0 = Debug|Any CPU
		{5170155B-0F2F-47A0-8E50-2B892ED151BA}.Release|Any CPU.ActiveCfg = Release|Any CPU
		{5170155B-0F2F-47A0-8E50-2B892ED151BA}.Release|Any CPU.Build.0 = Release|Any CPU
		{9F88B68B-C9DF-4581-84CB-4DEFC6E93261}.Debug|Any CPU.ActiveCfg = Debug|Any CPU
		{9F88B68B-C9DF-4581-84CB-4DEFC6E93261}.Debug|Any CPU.Build.0 = Debug|Any CPU
		{9F88B68B-C9DF-4581-84CB-4DEFC6E93261}.Release|Any CPU.ActiveCfg = Release|Any CPU
		{9F88B68B-C9DF-4581-84CB-4DEFC6E93261}.Release|Any CPU.Build.0 = Release|Any CPU
	EndGlobalSection
	GlobalSection(SolutionProperties) = preSolution
		HideSolutionNode = FALSE
	EndGlobalSection
EndGlobal
